
Microsoft Visual Studio Solution File, Format Version 12.00
# Visual Studio Version 17
VisualStudioVersion = 17.10.35004.147
MinimumVisualStudioVersion = 10.0.40219.1
Project("{FAE04EC0-301F-11D3-BF4B-00C04F79EFBC}") = "Bank", "ConsoleApp1\Bank.csproj", "{621D4342-46B6-4D94-8A3D-986774FFD0FD}"
EndProject
Project("{FAE04EC0-301F-11D3-BF4B-00C04F79EFBC}") = "BankTests", "MS Test Unit Test Project\BankTests.csproj", "{52AD7BD6-2965-4B9C-98B5-2B74055ED405}"
EndProject
Project("{FAE04EC0-301F-11D3-BF4B-00C04F79EFBC}") = "Bank Project", "Bank Project\Bank Project.csproj", "{C9212433-0C2D-4D1D-8D8C-FFA576C68BCE}"
EndProject
Global
	GlobalSection(SolutionConfigurationPlatforms) = preSolution
		Debug|Any CPU = Debug|Any CPU
		Release|Any CPU = Release|Any CPU
	EndGlobalSection
	GlobalSection(ProjectConfigurationPlatforms) = postSolution
		{621D4342-46B6-4D94-8A3D-986774FFD0FD}.Debug|Any CPU.ActiveCfg = Debug|Any CPU
		{621D4342-46B6-4D94-8A3D-986774FFD0FD}.Debug|Any CPU.Build.0 = Debug|Any CPU
		{621D4342-46B6-4D94-8A3D-986774FFD0FD}.Release|Any CPU.ActiveCfg = Release|Any CPU
		{621D4342-46B6-4D94-8A3D-986774FFD0FD}.Release|Any CPU.Build.0 = Release|Any CPU
		{52AD7BD6-2965-4B9C-98B5-2B74055ED405}.Debug|Any CPU.ActiveCfg = Debug|Any CPU
		{52AD7BD6-2965-4B9C-98B5-2B74055ED405}.Debug|Any CPU.Build.0 = Debug|Any CPU
		{52AD7BD6-2965-4B9C-98B5-2B74055ED405}.Release|Any CPU.ActiveCfg = Release|Any CPU
		{52AD7BD6-2965-4B9C-98B5-2B74055ED405}.Release|Any CPU.Build.0 = Release|Any CPU
		{C9212433-0C2D-4D1D-8D8C-FFA576C68BCE}.Debug|Any CPU.ActiveCfg = Debug|Any CPU
		{C9212433-0C2D-4D1D-8D8C-FFA576C68BCE}.Debug|Any CPU.Build.0 = Debug|Any CPU
		{C9212433-0C2D-4D1D-8D8C-FFA576C68BCE}.Release|Any CPU.ActiveCfg = Release|Any CPU
		{C9212433-0C2D-4D1D-8D8C-FFA576C68BCE}.Release|Any CPU.Build.0 = Release|Any CPU
	EndGlobalSection
	GlobalSection(SolutionProperties) = preSolution
		HideSolutionNode = FALSE
	EndGlobalSection
	GlobalSection(ExtensibilityGlobals) = postSolution
		SolutionGuid = {E55EA64E-98AA-4B42-89DB-F0F05A41B2C8}
	EndGlobalSection
EndGlobal
